// !$*UTF8*$!
{
	archiveVersion = 1;
	classes = {
	};
	objectVersion = 50;
	objects = {

/* Begin PBXBuildFile section */
		239B4B69213DC8FB009892CA /* AppDelegate.swift in Sources */ = {isa = PBXBuildFile; fileRef = 239B4B68213DC8FB009892CA /* AppDelegate.swift */; };
		239B4B6B213DC8FB009892CA /* ViewController.swift in Sources */ = {isa = PBXBuildFile; fileRef = 239B4B6A213DC8FB009892CA /* ViewController.swift */; };
		239B4B6E213DC8FB009892CA /* Main.storyboard in Resources */ = {isa = PBXBuildFile; fileRef = 239B4B6C213DC8FB009892CA /* Main.storyboard */; };
		239B4B71213DC8FB009892CA /* Checklist.xcdatamodeld in Sources */ = {isa = PBXBuildFile; fileRef = 239B4B6F213DC8FB009892CA /* Checklist.xcdatamodeld */; };
		239B4B73213DC8FE009892CA /* Assets.xcassets in Resources */ = {isa = PBXBuildFile; fileRef = 239B4B72213DC8FE009892CA /* Assets.xcassets */; };
		239B4B76213DC8FE009892CA /* LaunchScreen.storyboard in Resources */ = {isa = PBXBuildFile; fileRef = 239B4B74213DC8FE009892CA /* LaunchScreen.storyboard */; };
		239B4B81213DC8FF009892CA /* ChecklistTests.swift in Sources */ = {isa = PBXBuildFile; fileRef = 239B4B80213DC8FF009892CA /* ChecklistTests.swift */; };
/* End PBXBuildFile section */

/* Begin PBXContainerItemProxy section */
		239B4B7D213DC8FF009892CA /* PBXContainerItemProxy */ = {
			isa = PBXContainerItemProxy;
			containerPortal = 239B4B5D213DC8FA009892CA /* Project object */;
			proxyType = 1;
			remoteGlobalIDString = 239B4B64213DC8FA009892CA;
			remoteInfo = Checklist;
		};
/* End PBXContainerItemProxy section */

/* Begin PBXFileReference section */
		239B4B65213DC8FB009892CA /* Checklist.app */ = {isa = PBXFileReference; explicitFileType = wrapper.application; includeInIndex = 0; path = Checklist.app; sourceTree = BUILT_PRODUCTS_DIR; };
		239B4B68213DC8FB009892CA /* AppDelegate.swift */ = {isa = PBXFileReference; lastKnownFileType = sourcecode.swift; path = AppDelegate.swift; sourceTree = "<group>"; };
		239B4B6A213DC8FB009892CA /* ViewController.swift */ = {isa = PBXFileReference; lastKnownFileType = sourcecode.swift; path = ViewController.swift; sourceTree = "<group>"; };
		239B4B6D213DC8FB009892CA /* Base */ = {isa = PBXFileReference; lastKnownFileType = file.storyboard; name = Base; path = Base.lproj/Main.storyboard; sourceTree = "<group>"; };
		239B4B70213DC8FB009892CA /* Checklist.xcdatamodel */ = {isa = PBXFileReference; lastKnownFileType = wrapper.xcdatamodel; path = Checklist.xcdatamodel; sourceTree = "<group>"; };
		239B4B72213DC8FE009892CA /* Assets.xcassets */ = {isa = PBXFileReference; lastKnownFileType = folder.assetcatalog; path = Assets.xcassets; sourceTree = "<group>"; };
		239B4B75213DC8FE009892CA /* Base */ = {isa = PBXFileReference; lastKnownFileType = file.storyboard; name = Base; path = Base.lproj/LaunchScreen.storyboard; sourceTree = "<group>"; };
		239B4B77213DC8FE009892CA /* Info.plist */ = {isa = PBXFileReference; lastKnownFileType = text.plist.xml; path = Info.plist; sourceTree = "<group>"; };
		239B4B7C213DC8FF009892CA /* ChecklistTests.xctest */ = {isa = PBXFileReference; explicitFileType = wrapper.cfbundle; includeInIndex = 0; path = ChecklistTests.xctest; sourceTree = BUILT_PRODUCTS_DIR; };
		239B4B80213DC8FF009892CA /* ChecklistTests.swift */ = {isa = PBXFileReference; lastKnownFileType = sourcecode.swift; path = ChecklistTests.swift; sourceTree = "<group>"; };
		239B4B82213DC8FF009892CA /* Info.plist */ = {isa = PBXFileReference; lastKnownFileType = text.plist.xml; path = Info.plist; sourceTree = "<group>"; };
/* End PBXFileReference section */

/* Begin PBXFrameworksBuildPhase section */
		239B4B62213DC8FA009892CA /* Frameworks */ = {
			isa = PBXFrameworksBuildPhase;
			buildActionMask = 2147483647;
			files = (
			);
			runOnlyForDeploymentPostprocessing = 0;
		};
		239B4B79213DC8FF009892CA /* Frameworks */ = {
			isa = PBXFrameworksBuildPhase;
			buildActionMask = 2147483647;
			files = (
			);
			runOnlyForDeploymentPostprocessing = 0;
		};
/* End PBXFrameworksBuildPhase section */

/* Begin PBXGroup section */
		239B4B5C213DC8FA009892CA = {
			isa = PBXGroup;
			children = (
				239B4B67213DC8FB009892CA /* Checklist */,
				239B4B7F213DC8FF009892CA /* ChecklistTests */,
				239B4B66213DC8FB009892CA /* Products */,
			);
			sourceTree = "<group>";
		};
		239B4B66213DC8FB009892CA /* Products */ = {
			isa = PBXGroup;
			children = (
				239B4B65213DC8FB009892CA /* Checklist.app */,
				239B4B7C213DC8FF009892CA /* ChecklistTests.xctest */,
			);
			name = Products;
			sourceTree = "<group>";
		};
		239B4B67213DC8FB009892CA /* Checklist */ = {
			isa = PBXGroup;
			children = (
				239B4B68213DC8FB009892CA /* AppDelegate.swift */,
				239B4B6A213DC8FB009892CA /* ViewController.swift */,
				239B4B6C213DC8FB009892CA /* Main.storyboard */,
				239B4B72213DC8FE009892CA /* Assets.xcassets */,
				239B4B74213DC8FE009892CA /* LaunchScreen.storyboard */,
				239B4B77213DC8FE009892CA /* Info.plist */,
				239B4B6F213DC8FB009892CA /* Checklist.xcdatamodeld */,
			);
			path = Checklist;
			sourceTree = "<group>";
		};
		239B4B7F213DC8FF009892CA /* ChecklistTests */ = {
			isa = PBXGroup;
			children = (
				239B4B80213DC8FF009892CA /* ChecklistTests.swift */,
				239B4B82213DC8FF009892CA /* Info.plist */,
			);
			path = ChecklistTests;
			sourceTree = "<group>";
		};
/* End PBXGroup section */

/* Begin PBXNativeTarget section */
		239B4B64213DC8FA009892CA /* Checklist */ = {
			isa = PBXNativeTarget;
			buildConfigurationList = 239B4B85213DC8FF009892CA /* Build configuration list for PBXNativeTarget "Checklist" */;
			buildPhases = (
				239B4B61213DC8FA009892CA /* Sources */,
				239B4B62213DC8FA009892CA /* Frameworks */,
				239B4B63213DC8FA009892CA /* Resources */,
			);
			buildRules = (
			);
			dependencies = (
			);
			name = Checklist;
			productName = Checklist;
			productReference = 239B4B65213DC8FB009892CA /* Checklist.app */;
			productType = "com.apple.product-type.application";
		};
		239B4B7B213DC8FF009892CA /* ChecklistTests */ = {
			isa = PBXNativeTarget;
			buildConfigurationList = 239B4B88213DC8FF009892CA /* Build configuration list for PBXNativeTarget "ChecklistTests" */;
			buildPhases = (
				239B4B78213DC8FF009892CA /* Sources */,
				239B4B79213DC8FF009892CA /* Frameworks */,
				239B4B7A213DC8FF009892CA /* Resources */,
			);
			buildRules = (
			);
			dependencies = (
				239B4B7E213DC8FF009892CA /* PBXTargetDependency */,
			);
			name = ChecklistTests;
			productName = ChecklistTests;
			productReference = 239B4B7C213DC8FF009892CA /* ChecklistTests.xctest */;
			productType = "com.apple.product-type.bundle.unit-test";
		};
/* End PBXNativeTarget section */

/* Begin PBXProject section */
		239B4B5D213DC8FA009892CA /* Project object */ = {
			isa = PBXProject;
			attributes = {
				LastSwiftUpdateCheck = 0940;
				LastUpgradeCheck = 0940;
				ORGANIZATIONNAME = "Josil K M";
				TargetAttributes = {
					239B4B64213DC8FA009892CA = {
						CreatedOnToolsVersion = 9.4.1;
					};
					239B4B7B213DC8FF009892CA = {
						CreatedOnToolsVersion = 9.4.1;
						TestTargetID = 239B4B64213DC8FA009892CA;
					};
				};
			};
			buildConfigurationList = 239B4B60213DC8FA009892CA /* Build configuration list for PBXProject "Checklist" */;
			compatibilityVersion = "Xcode 9.3";
			developmentRegion = en;
			hasScannedForEncodings = 0;
			knownRegions = (
				en,
				Base,
			);
			mainGroup = 239B4B5C213DC8FA009892CA;
			productRefGroup = 239B4B66213DC8FB009892CA /* Products */;
			projectDirPath = "";
			projectRoot = "";
			targets = (
				239B4B64213DC8FA009892CA /* Checklist */,
				239B4B7B213DC8FF009892CA /* ChecklistTests */,
			);
		};
/* End PBXProject section */

/* Begin PBXResourcesBuildPhase section */
		239B4B63213DC8FA009892CA /* Resources */ = {
			isa = PBXResourcesBuildPhase;
			buildActionMask = 2147483647;
			files = (
				239B4B76213DC8FE009892CA /* LaunchScreen.storyboard in Resources */,
				239B4B73213DC8FE009892CA /* Assets.xcassets in Resources */,
				239B4B6E213DC8FB009892CA /* Main.storyboard in Resources */,
			);
			runOnlyForDeploymentPostprocessing = 0;
		};
		239B4B7A213DC8FF009892CA /* Resources */ = {
			isa = PBXResourcesBuildPhase;
			buildActionMask = 2147483647;
			files = (
			);
			runOnlyForDeploymentPostprocessing = 0;
		};
/* End PBXResourcesBuildPhase section */

/* Begin PBXSourcesBuildPhase section */
		239B4B61213DC8FA009892CA /* Sources */ = {
			isa = PBXSourcesBuildPhase;
			buildActionMask = 2147483647;
			files = (
				239B4B6B213DC8FB009892CA /* ViewController.swift in Sources */,
				239B4B71213DC8FB009892CA /* Checklist.xcdatamodeld in Sources */,
				239B4B69213DC8FB009892CA /* AppDelegate.swift in Sources */,
			);
			runOnlyForDeploymentPostprocessing = 0;
		};
		239B4B78213DC8FF009892CA /* Sources */ = {
			isa = PBXSourcesBuildPhase;
			buildActionMask = 2147483647;
			files = (
				239B4B81213DC8FF009892CA /* ChecklistTests.swift in Sources */,
			);
			runOnlyForDeploymentPostprocessing = 0;
		};
/* End PBXSourcesBuildPhase section */

/* Begin PBXTargetDependency section */
		239B4B7E213DC8FF009892CA /* PBXTargetDependency */ = {
			isa = PBXTargetDependency;
			target = 239B4B64213DC8FA009892CA /* Checklist */;
			targetProxy = 239B4B7D213DC8FF009892CA /* PBXContainerItemProxy */;
		};
/* End PBXTargetDependency section */

/* Begin PBXVariantGroup section */
		239B4B6C213DC8FB009892CA /* Main.storyboard */ = {
			isa = PBXVariantGroup;
			children = (
				239B4B6D213DC8FB009892CA /* Base */,
			);
			name = Main.storyboard;
			sourceTree = "<group>";
		};
		239B4B74213DC8FE009892CA /* LaunchScreen.storyboard */ = {
			isa = PBXVariantGroup;
			children = (
				239B4B75213DC8FE009892CA /* Base */,
			);
			name = LaunchScreen.storyboard;
			sourceTree = "<group>";
		};
/* End PBXVariantGroup section */

/* Begin XCBuildConfiguration section */
		239B4B83213DC8FF009892CA /* Debug */ = {
			isa = XCBuildConfiguration;
			buildSettings = {
				ALWAYS_SEARCH_USER_PATHS = NO;
				CLANG_ANALYZER_NONNULL = YES;
				CLANG_ANALYZER_NUMBER_OBJECT_CONVERSION = YES_AGGRESSIVE;
				CLANG_CXX_LANGUAGE_STANDARD = "gnu++14";
				CLANG_CXX_LIBRARY = "libc++";
				CLANG_ENABLE_MODULES = YES;
				CLANG_ENABLE_OBJC_ARC = YES;
				CLANG_ENABLE_OBJC_WEAK = YES;
				CLANG_WARN_BLOCK_CAPTURE_AUTORELEASING = YES;
				CLANG_WARN_BOOL_CONVERSION = YES;
				CLANG_WARN_COMMA = YES;
				CLANG_WARN_CONSTANT_CONVERSION = YES;
				CLANG_WARN_DEPRECATED_OBJC_IMPLEMENTATIONS = YES;
				CLANG_WARN_DIRECT_OBJC_ISA_USAGE = YES_ERROR;
				CLANG_WARN_DOCUMENTATION_COMMENTS = YES;
				CLANG_WARN_EMPTY_BODY = YES;
				CLANG_WARN_ENUM_CONVERSION = YES;
				CLANG_WARN_INFINITE_RECURSION = YES;
				CLANG_WARN_INT_CONVERSION = YES;
				CLANG_WARN_NON_LITERAL_NULL_CONVERSION = YES;
				CLANG_WARN_OBJC_IMPLICIT_RETAIN_SELF = YES;
				CLANG_WARN_OBJC_LITERAL_CONVERSION = YES;
				CLANG_WARN_OBJC_ROOT_CLASS = YES_ERROR;
				CLANG_WARN_RANGE_LOOP_ANALYSIS = YES;
				CLANG_WARN_STRICT_PROTOTYPES = YES;
				CLANG_WARN_SUSPICIOUS_MOVE = YES;
				CLANG_WARN_UNGUARDED_AVAILABILITY = YES_AGGRESSIVE;
				CLANG_WARN_UNREACHABLE_CODE = YES;
				CLANG_WARN__DUPLICATE_METHOD_MATCH = YES;
				CODE_SIGN_IDENTITY = "iPhone Developer";
				COPY_PHASE_STRIP = NO;
				DEBUG_INFORMATION_FORMAT = dwarf;
				ENABLE_STRICT_OBJC_MSGSEND = YES;
				ENABLE_TESTABILITY = YES;
				GCC_C_LANGUAGE_STANDARD = gnu11;
				GCC_DYNAMIC_NO_PIC = NO;
				GCC_NO_COMMON_BLOCKS = YES;
				GCC_OPTIMIZATION_LEVEL = 0;
				GCC_PREPROCESSOR_DEFINITIONS = (
					"DEBUG=1",
					"$(inherited)",
				);
				GCC_WARN_64_TO_32_BIT_CONVERSION = YES;
				GCC_WARN_ABOUT_RETURN_TYPE = YES_ERROR;
				GCC_WARN_UNDECLARED_SELECTOR = YES;
				GCC_WARN_UNINITIALIZED_AUTOS = YES_AGGRESSIVE;
				GCC_WARN_UNUSED_FUNCTION = YES;
				GCC_WARN_UNUSED_VARIABLE = YES;
				IPHONEOS_DEPLOYMENT_TARGET = 11.4;
				MTL_ENABLE_DEBUG_INFO = YES;
				ONLY_ACTIVE_ARCH = YES;
				SDKROOT = iphoneos;
				SWIFT_ACTIVE_COMPILATION_CONDITIONS = DEBUG;
				SWIFT_OPTIMIZATION_LEVEL = "-Onone";
			};
			name = Debug;
		};
		239B4B84213DC8FF009892CA /* Release */ = {
			isa = XCBuildConfiguration;
			buildSettings = {
				ALWAYS_SEARCH_USER_PATHS = NO;
				CLANG_ANALYZER_NONNULL = YES;
				CLANG_ANALYZER_NUMBER_OBJECT_CONVERSION = YES_AGGRESSIVE;
				CLANG_CXX_LANGUAGE_STANDARD = "gnu++14";
				CLANG_CXX_LIBRARY = "libc++";
				CLANG_ENABLE_MODULES = YES;
				CLANG_ENABLE_OBJC_ARC = YES;
				CLANG_ENABLE_OBJC_WEAK = YES;
				CLANG_WARN_BLOCK_CAPTURE_AUTORELEASING = YES;
				CLANG_WARN_BOOL_CONVERSION = YES;
				CLANG_WARN_COMMA = YES;
				CLANG_WARN_CONSTANT_CONVERSION = YES;
				CLANG_WARN_DEPRECATED_OBJC_IMPLEMENTATIONS = YES;
				CLANG_WARN_DIRECT_OBJC_ISA_USAGE = YES_ERROR;
				CLANG_WARN_DOCUMENTATION_COMMENTS = YES;
				CLANG_WARN_EMPTY_BODY = YES;
				CLANG_WARN_ENUM_CONVERSION = YES;
				CLANG_WARN_INFINITE_RECURSION = YES;
				CLANG_WARN_INT_CONVERSION = YES;
				CLANG_WARN_NON_LITERAL_NULL_CONVERSION = YES;
				CLANG_WARN_OBJC_IMPLICIT_RETAIN_SELF = YES;
				CLANG_WARN_OBJC_LITERAL_CONVERSION = YES;
				CLANG_WARN_OBJC_ROOT_CLASS = YES_ERROR;
				CLANG_WARN_RANGE_LOOP_ANALYSIS = YES;
				CLANG_WARN_STRICT_PROTOTYPES = YES;
				CLANG_WARN_SUSPICIOUS_MOVE = YES;
				CLANG_WARN_UNGUARDED_AVAILABILITY = YES_AGGRESSIVE;
				CLANG_WARN_UNREACHABLE_CODE = YES;
				CLANG_WARN__DUPLICATE_METHOD_MATCH = YES;
				CODE_SIGN_IDENTITY = "iPhone Developer";
				COPY_PHASE_STRIP = NO;
				DEBUG_INFORMATION_FORMAT = "dwarf-with-dsym";
				ENABLE_NS_ASSERTIONS = NO;
				ENABLE_STRICT_OBJC_MSGSEND = YES;
				GCC_C_LANGUAGE_STANDARD = gnu11;
				GCC_NO_COMMON_BLOCKS = YES;
				GCC_WARN_64_TO_32_BIT_CONVERSION = YES;
				GCC_WARN_ABOUT_RETURN_TYPE = YES_ERROR;
				GCC_WARN_UNDECLARED_SELECTOR = YES;
				GCC_WARN_UNINITIALIZED_AUTOS = YES_AGGRESSIVE;
				GCC_WARN_UNUSED_FUNCTION = YES;
				GCC_WARN_UNUSED_VARIABLE = YES;
				IPHONEOS_DEPLOYMENT_TARGET = 11.4;
				MTL_ENABLE_DEBUG_INFO = NO;
				SDKROOT = iphoneos;
				SWIFT_COMPILATION_MODE = wholemodule;
				SWIFT_OPTIMIZATION_LEVEL = "-O";
				VALIDATE_PRODUCT = YES;
			};
			name = Release;
		};
		239B4B86213DC8FF009892CA /* Debug */ = {
			isa = XCBuildConfiguration;
			buildSettings = {
				ASSETCATALOG_COMPILER_APPICON_NAME = AppIcon;
				CODE_SIGN_STYLE = Automatic;
				INFOPLIST_FILE = Checklist/Info.plist;
				LD_RUNPATH_SEARCH_PATHS = (
					"$(inherited)",
					"@executable_path/Frameworks",
				);
				PRODUCT_BUNDLE_IDENTIFIER = wsu.Checklist;
				PRODUCT_NAME = "$(TARGET_NAME)";
				SWIFT_VERSION = 4.0;
				TARGETED_DEVICE_FAMILY = "1,2";
			};
			name = Debug;
		};
		239B4B87213DC8FF009892CA /* Release */ = {
			isa = XCBuildConfiguration;
			buildSettings = {
				ASSETCATALOG_COMPILER_APPICON_NAME = AppIcon;
				CODE_SIGN_STYLE = Automatic;
				INFOPLIST_FILE = Checklist/Info.plist;
				LD_RUNPATH_SEARCH_PATHS = (
					"$(inherited)",
					"@executable_path/Frameworks",
				);
				PRODUCT_BUNDLE_IDENTIFIER = wsu.Checklist;
				PRODUCT_NAME = "$(TARGET_NAME)";
				SWIFT_VERSION = 4.0;
				TARGETED_DEVICE_FAMILY = "1,2";
			};
			name = Release;
		};
		239B4B89213DC8FF009892CA /* Debug */ = {
			isa = XCBuildConfiguration;
			buildSettings = {
				ALWAYS_EMBED_SWIFT_STANDARD_LIBRARIES = YES;
				BUNDLE_LOADER = "$(TEST_HOST)";
				CODE_SIGN_STYLE = Automatic;
				INFOPLIST_FILE = ChecklistTests/Info.plist;
				LD_RUNPATH_SEARCH_PATHS = (
					"$(inherited)",
					"@executable_path/Frameworks",
					"@loader_path/Frameworks",
				);
				PRODUCT_BUNDLE_IDENTIFIER = wsu.ChecklistTests;
				PRODUCT_NAME = "$(TARGET_NAME)";
				SWIFT_VERSION = 4.0;
				TARGETED_DEVICE_FAMILY = "1,2";
				TEST_HOST = "$(BUILT_PRODUCTS_DIR)/Checklist.app/Checklist";
			};
			name = Debug;
		};
		239B4B8A213DC8FF009892CA /* Release */ = {
			isa = XCBuildConfiguration;
			buildSettings = {
				ALWAYS_EMBED_SWIFT_STANDARD_LIBRARIES = YES;
				BUNDLE_LOADER = "$(TEST_HOST)";
				CODE_SIGN_STYLE = Automatic;
				INFOPLIST_FILE = ChecklistTests/Info.plist;
				LD_RUNPATH_SEARCH_PATHS = (
					"$(inherited)",
					"@executable_path/Frameworks",
					"@loader_path/Frameworks",
				);
				PRODUCT_BUNDLE_IDENTIFIER = wsu.ChecklistTests;
				PRODUCT_NAME = "$(TARGET_NAME)";
				SWIFT_VERSION = 4.0;
				TARGETED_DEVICE_FAMILY = "1,2";
				TEST_HOST = "$(BUILT_PRODUCTS_DIR)/Checklist.app/Checklist";
			};
			name = Release;
		};
/* End XCBuildConfiguration section */

/* Begin XCConfigurationList section */
		239B4B60213DC8FA009892CA /* Build configuration list for PBXProject "Checklist" */ = {
			isa = XCConfigurationList;
			buildConfigurations = (
				239B4B83213DC8FF009892CA /* Debug */,
				239B4B84213DC8FF009892CA /* Release */,
			);
			defaultConfigurationIsVisible = 0;
			defaultConfigurationName = Release;
		};
		239B4B85213DC8FF009892CA /* Build configuration list for PBXNativeTarget "Checklist" */ = {
			isa = XCConfigurationList;
			buildConfigurations = (
				239B4B86213DC8FF009892CA /* Debug */,
				239B4B87213DC8FF009892CA /* Release */,
			);
			defaultConfigurationIsVisible = 0;
			defaultConfigurationName = Release;
		};
		239B4B88213DC8FF009892CA /* Build configuration list for PBXNativeTarget "ChecklistTests" */ = {
			isa = XCConfigurationList;
			buildConfigurations = (
				239B4B89213DC8FF009892CA /* Debug */,
				239B4B8A213DC8FF009892CA /* Release */,
			);
			defaultConfigurationIsVisible = 0;
			defaultConfigurationName = Release;
		};
/* End XCConfigurationList section */

/* Begin XCVersionGroup section */
		239B4B6F213DC8FB009892CA /* Checklist.xcdatamodeld */ = {
			isa = XCVersionGroup;
			children = (
				239B4B70213DC8FB009892CA /* Checklist.xcdatamodel */,
			);
			currentVersion = 239B4B70213DC8FB009892CA /* Checklist.xcdatamodel */;
			path = Checklist.xcdatamodeld;
			sourceTree = "<group>";
			versionGroupType = wrapper.xcdatamodel;
		};
/* End XCVersionGroup section */
	};
	rootObject = 239B4B5D213DC8FA009892CA /* Project object */;
}
